// !$*UTF8*$!
{
	archiveVersion = 1;
	classes = {
	};
	objectVersion = 46;
	objects = {

/* Begin PBXBuildFile section */
		4D256E6FA00DCAD0F132037E /* Pods_Pensive.framework in Frameworks */ = {isa = PBXBuildFile; fileRef = 70E659EA77274B2996401E5B /* Pods_Pensive.framework */; };
		CF0F89BB1DE2BD2D00BC7462 /* FirebaseAnalytics.framework in Frameworks */ = {isa = PBXBuildFile; fileRef = CF0F89BA1DE2BD2D00BC7462 /* FirebaseAnalytics.framework */; };
		CF0F89BD1DE2BD3B00BC7462 /* FirebaseCore.framework in Frameworks */ = {isa = PBXBuildFile; fileRef = CF0F89BC1DE2BD3B00BC7462 /* FirebaseCore.framework */; };
		CF0F89BF1DE2BD6400BC7462 /* FirebaseInstanceID.framework in Frameworks */ = {isa = PBXBuildFile; fileRef = CF0F89BE1DE2BD6400BC7462 /* FirebaseInstanceID.framework */; };
		CF0F89C11DE2BD7100BC7462 /* GoogleInterchangeUtilities.framework in Frameworks */ = {isa = PBXBuildFile; fileRef = CF0F89C01DE2BD7100BC7462 /* GoogleInterchangeUtilities.framework */; };
		CF0F89C31DE2BD7C00BC7462 /* GoogleSymbolUtilities.framework in Frameworks */ = {isa = PBXBuildFile; fileRef = CF0F89C21DE2BD7C00BC7462 /* GoogleSymbolUtilities.framework */; };
		CF0F89C51DE2BD8500BC7462 /* GoogleToolboxForMac.framework in Frameworks */ = {isa = PBXBuildFile; fileRef = CF0F89C41DE2BD8500BC7462 /* GoogleToolboxForMac.framework */; };
		CF0F89C71DE2BDBF00BC7462 /* FirebaseDatabase.framework in Frameworks */ = {isa = PBXBuildFile; fileRef = CF0F89C61DE2BDBF00BC7462 /* FirebaseDatabase.framework */; };
		CF0F89CD1DE2C6A900BC7462 /* MapKit.framework in Frameworks */ = {isa = PBXBuildFile; fileRef = CF0F89CC1DE2C6A900BC7462 /* MapKit.framework */; };
		CF122FA61DFF0DA00011725E /* DetailViewController.swift in Sources */ = {isa = PBXBuildFile; fileRef = CF122FA51DFF0DA00011725E /* DetailViewController.swift */; };
		CF122FA81DFF2F6B0011725E /* Photos.framework in Frameworks */ = {isa = PBXBuildFile; fileRef = CF122FA71DFF2F6B0011725E /* Photos.framework */; };
		CF122FAA1DFF2F720011725E /* PhotosUI.framework in Frameworks */ = {isa = PBXBuildFile; fileRef = CF122FA91DFF2F720011725E /* PhotosUI.framework */; };
		CF17D7171E808783006E493D /* ConnectTableViewController.swift in Sources */ = {isa = PBXBuildFile; fileRef = CF17D7161E808783006E493D /* ConnectTableViewController.swift */; };
		CF17DA4A1F24C4C500E664FB /* GoogleService-Info.plist in Resources */ = {isa = PBXBuildFile; fileRef = CF17DA491F24C4C500E664FB /* GoogleService-Info.plist */; };
		CF4BED151DE35F490087EFC3 /* LoginViewController.swift in Sources */ = {isa = PBXBuildFile; fileRef = CF4BED141DE35F490087EFC3 /* LoginViewController.swift */; };
		CF4CAFB71E826F0E000872E2 /* USER.swift in Sources */ = {isa = PBXBuildFile; fileRef = CF4CAFB61E826F0E000872E2 /* USER.swift */; };
		CF5F24D31DE5FFC90020ABAA /* Main.storyboard in Resources */ = {isa = PBXBuildFile; fileRef = CF5F24D21DE5FFC90020ABAA /* Main.storyboard */; };
		CF5F24D51DE60B780020ABAA /* ForgottenPasswordViewController.swift in Sources */ = {isa = PBXBuildFile; fileRef = CF5F24D41DE60B780020ABAA /* ForgottenPasswordViewController.swift */; };
		CF6BFC1A1F0D6373005F8893 /* TableMapViewController.swift in Sources */ = {isa = PBXBuildFile; fileRef = CF6BFC191F0D6373005F8893 /* TableMapViewController.swift */; };
		CF7DB19F1F3F6A530015492E /* UserFeedViewController.swift in Sources */ = {isa = PBXBuildFile; fileRef = CF7DB19E1F3F6A530015492E /* UserFeedViewController.swift */; };
		CF7DB1A71F4061430015492E /* AddFriendsViewController.swift in Sources */ = {isa = PBXBuildFile; fileRef = CF7DB1A61F4061430015492E /* AddFriendsViewController.swift */; };
		CF7DB1A91F40E2460015492E /* AddFriendsTableViewCell.swift in Sources */ = {isa = PBXBuildFile; fileRef = CF7DB1A81F40E2460015492E /* AddFriendsTableViewCell.swift */; };
		CF7DB1AB1F45B22B0015492E /* RecommendationsViewController.swift in Sources */ = {isa = PBXBuildFile; fileRef = CF7DB1AA1F45B22B0015492E /* RecommendationsViewController.swift */; };
		CF7EC8521DBE68A1005C8D06 /* AppDelegate.swift in Sources */ = {isa = PBXBuildFile; fileRef = CF7EC8511DBE68A1005C8D06 /* AppDelegate.swift */; };
		CF7EC85B1DBE68A1005C8D06 /* Assets.xcassets in Resources */ = {isa = PBXBuildFile; fileRef = CF7EC85A1DBE68A1005C8D06 /* Assets.xcassets */; };
		CF7EC85E1DBE68A1005C8D06 /* LaunchScreen.storyboard in Resources */ = {isa = PBXBuildFile; fileRef = CF7EC85C1DBE68A1005C8D06 /* LaunchScreen.storyboard */; };
		CF7EC8691DBE68A1005C8D06 /* PensiveTests.swift in Sources */ = {isa = PBXBuildFile; fileRef = CF7EC8681DBE68A1005C8D06 /* PensiveTests.swift */; };
		CF7EC8871DBE83A2005C8D06 /* AVFoundation.framework in Frameworks */ = {isa = PBXBuildFile; fileRef = CF7EC8861DBE83A2005C8D06 /* AVFoundation.framework */; };
		CF7EC8891DBE83AF005C8D06 /* CoreData.framework in Frameworks */ = {isa = PBXBuildFile; fileRef = CF7EC8881DBE83AF005C8D06 /* CoreData.framework */; };
		CF7EC88B1DBE83BE005C8D06 /* CoreLocation.framework in Frameworks */ = {isa = PBXBuildFile; fileRef = CF7EC88A1DBE83BE005C8D06 /* CoreLocation.framework */; };
		CF7EC88D1DBE83C5005C8D06 /* CoreText.framework in Frameworks */ = {isa = PBXBuildFile; fileRef = CF7EC88C1DBE83C5005C8D06 /* CoreText.framework */; };
		CF7EC88F1DBE83D7005C8D06 /* GLKit.framework in Frameworks */ = {isa = PBXBuildFile; fileRef = CF7EC88E1DBE83D7005C8D06 /* GLKit.framework */; };
		CF7EC8911DBE83EA005C8D06 /* ImageIO.framework in Frameworks */ = {isa = PBXBuildFile; fileRef = CF7EC8901DBE83EA005C8D06 /* ImageIO.framework */; };
		CF7EC8991DBE847C005C8D06 /* OpenGLES.framework in Frameworks */ = {isa = PBXBuildFile; fileRef = CF7EC8981DBE847C005C8D06 /* OpenGLES.framework */; };
		CF7EC89B1DBE8487005C8D06 /* QuartzCore.framework in Frameworks */ = {isa = PBXBuildFile; fileRef = CF7EC89A1DBE8487005C8D06 /* QuartzCore.framework */; };
		CF7EC89D1DBE848F005C8D06 /* SystemConfiguration.framework in Frameworks */ = {isa = PBXBuildFile; fileRef = CF7EC89C1DBE848F005C8D06 /* SystemConfiguration.framework */; };
		CF7EC89F1DBE9FC4005C8D06 /* libz.1.dylib in Frameworks */ = {isa = PBXBuildFile; fileRef = CF7EC89E1DBE9FC4005C8D06 /* libz.1.dylib */; };
		CF7EC8A11DBE9FE7005C8D06 /* libicucore.A.dylib in Frameworks */ = {isa = PBXBuildFile; fileRef = CF7EC8A01DBE9FE7005C8D06 /* libicucore.A.dylib */; };
		CF7EC8A31DBEA008005C8D06 /* libSystem.B.dylib in Frameworks */ = {isa = PBXBuildFile; fileRef = CF7EC8A21DBEA008005C8D06 /* libSystem.B.dylib */; };
		CF7EC8A51DBEA056005C8D06 /* libc++.1.dylib in Frameworks */ = {isa = PBXBuildFile; fileRef = CF7EC8A41DBEA056005C8D06 /* libc++.1.dylib */; };
		CF7EC8AD1DBEA1E1005C8D06 /* GoogleMaps.framework in Frameworks */ = {isa = PBXBuildFile; fileRef = CF7EC8AC1DBEA1E1005C8D06 /* GoogleMaps.framework */; };
		CF7EC8AF1DBEA1FE005C8D06 /* GoogleMapsCore.framework in Frameworks */ = {isa = PBXBuildFile; fileRef = CF7EC8AE1DBEA1FE005C8D06 /* GoogleMapsCore.framework */; };
		CF7EC8B11DBEA21B005C8D06 /* GoogleMapsBase.framework in Frameworks */ = {isa = PBXBuildFile; fileRef = CF7EC8B01DBEA21B005C8D06 /* GoogleMapsBase.framework */; };
		CF7EC8B31DBEA2D1005C8D06 /* libc++.tbd in Frameworks */ = {isa = PBXBuildFile; fileRef = CF7EC8921DBE8430005C8D06 /* libc++.tbd */; };
		CF91F9CE1DF1CFCE001EE137 /* SearchResultsController.swift in Sources */ = {isa = PBXBuildFile; fileRef = CF91F9CD1DF1CFCE001EE137 /* SearchResultsController.swift */; };
		CF91F9CF1DF55D63001EE137 /* FirstViewController.swift in Sources */ = {isa = PBXBuildFile; fileRef = CF7EC8531DBE68A1005C8D06 /* FirstViewController.swift */; };
		CF91F9D31DFDDC20001EE137 /* RatingControl.swift in Sources */ = {isa = PBXBuildFile; fileRef = CF91F9D21DFDDC20001EE137 /* RatingControl.swift */; };
		CFB2FE2C1EB615430060FDB9 /* ConnectMapViewViewController.swift in Sources */ = {isa = PBXBuildFile; fileRef = CFB2FE2B1EB615430060FDB9 /* ConnectMapViewViewController.swift */; };
		CFB5B1951DC24BEF00CF071E /* GooglePlaces.framework in Frameworks */ = {isa = PBXBuildFile; fileRef = CFB5B1941DC24BEF00CF071E /* GooglePlaces.framework */; };
		CFB5B1971DC24C0F00CF071E /* GooglePlacePicker.framework in Frameworks */ = {isa = PBXBuildFile; fileRef = CFB5B1961DC24C0F00CF071E /* GooglePlacePicker.framework */; };
		CFBBE1481DBEA6EC00635E2C /* Accelerate.framework in Frameworks */ = {isa = PBXBuildFile; fileRef = CFBBE1471DBEA6EC00635E2C /* Accelerate.framework */; };
		CFBBE14A1DBEA6F800635E2C /* CoreBluetooth.framework in Frameworks */ = {isa = PBXBuildFile; fileRef = CFBBE1491DBEA6F800635E2C /* CoreBluetooth.framework */; };
		CFBBE14C1DBEA70300635E2C /* CoreGraphics.framework in Frameworks */ = {isa = PBXBuildFile; fileRef = CFBBE14B1DBEA70300635E2C /* CoreGraphics.framework */; };
		CFBBE14E1DBEA75200635E2C /* Security.framework in Frameworks */ = {isa = PBXBuildFile; fileRef = CFBBE14D1DBEA75200635E2C /* Security.framework */; };
		CFBFD5211DBEC20D008EB6E6 /* bridging-header.m in Sources */ = {isa = PBXBuildFile; fileRef = CFBFD5201DBEC20D008EB6E6 /* bridging-header.m */; };
		CFBFD5901DBF786E008EB6E6 /* ThirdViewController.swift in Sources */ = {isa = PBXBuildFile; fileRef = CFBFD58F1DBF786E008EB6E6 /* ThirdViewController.swift */; };
		CFD1D05B1DDF6B4B00012115 /* InsideFoldersTableViewController.swift in Sources */ = {isa = PBXBuildFile; fileRef = CFD1D05A1DDF6B4B00012115 /* InsideFoldersTableViewController.swift */; };
		CFD8EA021E648D5300611294 /* FoldersTableViewController.swift in Sources */ = {isa = PBXBuildFile; fileRef = CFD8EA011E648D5300611294 /* FoldersTableViewController.swift */; };
		CFD8EA061E65D70500611294 /* ProfilePageViewController.swift in Sources */ = {isa = PBXBuildFile; fileRef = CFD8EA051E65D70500611294 /* ProfilePageViewController.swift */; };
/* End PBXBuildFile section */

/* Begin PBXContainerItemProxy section */
		CF7EC8651DBE68A1005C8D06 /* PBXContainerItemProxy */ = {
			isa = PBXContainerItemProxy;
			containerPortal = CF7EC8461DBE68A0005C8D06 /* Project object */;
			proxyType = 1;
			remoteGlobalIDString = CF7EC84D1DBE68A0005C8D06;
			remoteInfo = Pensive;
		};
/* End PBXContainerItemProxy section */

/* Begin PBXFileReference section */
		573ABB0618A4EBAEBD9B9EF3 /* Pods-Pensive.debug.xcconfig */ = {isa = PBXFileReference; includeInIndex = 1; lastKnownFileType = text.xcconfig; name = "Pods-Pensive.debug.xcconfig"; path = "Pods/Target Support Files/Pods-Pensive/Pods-Pensive.debug.xcconfig"; sourceTree = "<group>"; };
		70E659EA77274B2996401E5B /* Pods_Pensive.framework */ = {isa = PBXFileReference; explicitFileType = wrapper.framework; includeInIndex = 0; path = Pods_Pensive.framework; sourceTree = BUILT_PRODUCTS_DIR; };
		C7E4EC88EF3A916E990559BE /* Pods-Pensive.release.xcconfig */ = {isa = PBXFileReference; includeInIndex = 1; lastKnownFileType = text.xcconfig; name = "Pods-Pensive.release.xcconfig"; path = "Pods/Target Support Files/Pods-Pensive/Pods-Pensive.release.xcconfig"; sourceTree = "<group>"; };
		CF0F89BA1DE2BD2D00BC7462 /* FirebaseAnalytics.framework */ = {isa = PBXFileReference; lastKnownFileType = wrapper.framework; path = FirebaseAnalytics.framework; sourceTree = "<group>"; };
		CF0F89BC1DE2BD3B00BC7462 /* FirebaseCore.framework */ = {isa = PBXFileReference; lastKnownFileType = wrapper.framework; path = FirebaseCore.framework; sourceTree = "<group>"; };
		CF0F89BE1DE2BD6400BC7462 /* FirebaseInstanceID.framework */ = {isa = PBXFileReference; lastKnownFileType = wrapper.framework; path = FirebaseInstanceID.framework; sourceTree = "<group>"; };
		CF0F89C01DE2BD7100BC7462 /* GoogleInterchangeUtilities.framework */ = {isa = PBXFileReference; lastKnownFileType = wrapper.framework; path = GoogleInterchangeUtilities.framework; sourceTree = "<group>"; };
		CF0F89C21DE2BD7C00BC7462 /* GoogleSymbolUtilities.framework */ = {isa = PBXFileReference; lastKnownFileType = wrapper.framework; path = GoogleSymbolUtilities.framework; sourceTree = "<group>"; };
		CF0F89C41DE2BD8500BC7462 /* GoogleToolboxForMac.framework */ = {isa = PBXFileReference; lastKnownFileType = wrapper.framework; path = GoogleToolboxForMac.framework; sourceTree = "<group>"; };
		CF0F89C61DE2BDBF00BC7462 /* FirebaseDatabase.framework */ = {isa = PBXFileReference; lastKnownFileType = wrapper.framework; path = FirebaseDatabase.framework; sourceTree = "<group>"; };
		CF0F89C81DE2BE2400BC7462 /* Firebase.h */ = {isa = PBXFileReference; lastKnownFileType = sourcecode.c.h; path = Firebase.h; sourceTree = "<group>"; };
		CF0F89C91DE2BE5300BC7462 /* module.modulemap */ = {isa = PBXFileReference; lastKnownFileType = "sourcecode.module-map"; path = module.modulemap; sourceTree = "<group>"; };
		CF0F89CC1DE2C6A900BC7462 /* MapKit.framework */ = {isa = PBXFileReference; lastKnownFileType = wrapper.framework; name = MapKit.framework; path = System/Library/Frameworks/MapKit.framework; sourceTree = SDKROOT; };
		CF122FA51DFF0DA00011725E /* DetailViewController.swift */ = {isa = PBXFileReference; fileEncoding = 4; lastKnownFileType = sourcecode.swift; path = DetailViewController.swift; sourceTree = "<group>"; };
		CF122FA71DFF2F6B0011725E /* Photos.framework */ = {isa = PBXFileReference; lastKnownFileType = wrapper.framework; name = Photos.framework; path = System/Library/Frameworks/Photos.framework; sourceTree = SDKROOT; };
		CF122FA91DFF2F720011725E /* PhotosUI.framework */ = {isa = PBXFileReference; lastKnownFileType = wrapper.framework; name = PhotosUI.framework; path = System/Library/Frameworks/PhotosUI.framework; sourceTree = SDKROOT; };
		CF17D7161E808783006E493D /* ConnectTableViewController.swift */ = {isa = PBXFileReference; fileEncoding = 4; lastKnownFileType = sourcecode.swift; path = ConnectTableViewController.swift; sourceTree = "<group>"; };
		CF17DA491F24C4C500E664FB /* GoogleService-Info.plist */ = {isa = PBXFileReference; fileEncoding = 4; lastKnownFileType = text.plist.xml; name = "GoogleService-Info.plist"; path = "../../../.Trash/GoogleService-Info.plist"; sourceTree = "<group>"; };
		CF4BED141DE35F490087EFC3 /* LoginViewController.swift */ = {isa = PBXFileReference; fileEncoding = 4; lastKnownFileType = sourcecode.swift; path = LoginViewController.swift; sourceTree = "<group>"; };
		CF4C00BB1E638B73001B8D26 /* Googleplacepickerheader.h */ = {isa = PBXFileReference; lastKnownFileType = sourcecode.c.h; name = Googleplacepickerheader.h; path = ../Googleplacepickerheader.h; sourceTree = "<group>"; };
		CF4CAFB61E826F0E000872E2 /* USER.swift */ = {isa = PBXFileReference; fileEncoding = 4; lastKnownFileType = sourcecode.swift; path = USER.swift; sourceTree = "<group>"; };
		CF5F24D21DE5FFC90020ABAA /* Main.storyboard */ = {isa = PBXFileReference; fileEncoding = 4; lastKnownFileType = file.storyboard; path = Main.storyboard; sourceTree = "<group>"; };
		CF5F24D41DE60B780020ABAA /* ForgottenPasswordViewController.swift */ = {isa = PBXFileReference; fileEncoding = 4; lastKnownFileType = sourcecode.swift; path = ForgottenPasswordViewController.swift; sourceTree = "<group>"; };
		CF6BFC191F0D6373005F8893 /* TableMapViewController.swift */ = {isa = PBXFileReference; fileEncoding = 4; lastKnownFileType = sourcecode.swift; path = TableMapViewController.swift; sourceTree = "<group>"; };
		CF7DB19E1F3F6A530015492E /* UserFeedViewController.swift */ = {isa = PBXFileReference; fileEncoding = 4; lastKnownFileType = sourcecode.swift; path = UserFeedViewController.swift; sourceTree = "<group>"; };
		CF7DB1A61F4061430015492E /* AddFriendsViewController.swift */ = {isa = PBXFileReference; fileEncoding = 4; lastKnownFileType = sourcecode.swift; path = AddFriendsViewController.swift; sourceTree = "<group>"; };
		CF7DB1A81F40E2460015492E /* AddFriendsTableViewCell.swift */ = {isa = PBXFileReference; fileEncoding = 4; lastKnownFileType = sourcecode.swift; path = AddFriendsTableViewCell.swift; sourceTree = "<group>"; };
		CF7DB1AA1F45B22B0015492E /* RecommendationsViewController.swift */ = {isa = PBXFileReference; fileEncoding = 4; lastKnownFileType = sourcecode.swift; path = RecommendationsViewController.swift; sourceTree = "<group>"; };
		CF7EC84E1DBE68A1005C8D06 /* Pensive.app */ = {isa = PBXFileReference; explicitFileType = wrapper.application; includeInIndex = 0; path = Pensive.app; sourceTree = BUILT_PRODUCTS_DIR; };
		CF7EC8511DBE68A1005C8D06 /* AppDelegate.swift */ = {isa = PBXFileReference; lastKnownFileType = sourcecode.swift; path = AppDelegate.swift; sourceTree = "<group>"; };
		CF7EC8531DBE68A1005C8D06 /* FirstViewController.swift */ = {isa = PBXFileReference; lastKnownFileType = sourcecode.swift; path = FirstViewController.swift; sourceTree = "<group>"; };
		CF7EC85A1DBE68A1005C8D06 /* Assets.xcassets */ = {isa = PBXFileReference; lastKnownFileType = folder.assetcatalog; path = Assets.xcassets; sourceTree = "<group>"; };
		CF7EC85D1DBE68A1005C8D06 /* Base */ = {isa = PBXFileReference; lastKnownFileType = file.storyboard; name = Base; path = Base.lproj/LaunchScreen.storyboard; sourceTree = "<group>"; };
		CF7EC85F1DBE68A1005C8D06 /* Info.plist */ = {isa = PBXFileReference; lastKnownFileType = text.plist.xml; path = Info.plist; sourceTree = "<group>"; };
		CF7EC8641DBE68A1005C8D06 /* PensiveTests.xctest */ = {isa = PBXFileReference; explicitFileType = wrapper.cfbundle; includeInIndex = 0; path = PensiveTests.xctest; sourceTree = BUILT_PRODUCTS_DIR; };
		CF7EC8681DBE68A1005C8D06 /* PensiveTests.swift */ = {isa = PBXFileReference; lastKnownFileType = sourcecode.swift; path = PensiveTests.swift; sourceTree = "<group>"; };
		CF7EC86A1DBE68A1005C8D06 /* Info.plist */ = {isa = PBXFileReference; lastKnownFileType = text.plist.xml; path = Info.plist; sourceTree = "<group>"; };
		CF7EC8831DBE81C0005C8D06 /* GoogleMaps.bundle */ = {isa = PBXFileReference; lastKnownFileType = "wrapper.plug-in"; path = GoogleMaps.bundle; sourceTree = "<group>"; };
		CF7EC8861DBE83A2005C8D06 /* AVFoundation.framework */ = {isa = PBXFileReference; lastKnownFileType = wrapper.framework; name = AVFoundation.framework; path = System/Library/Frameworks/AVFoundation.framework; sourceTree = SDKROOT; };
		CF7EC8881DBE83AF005C8D06 /* CoreData.framework */ = {isa = PBXFileReference; lastKnownFileType = wrapper.framework; name = CoreData.framework; path = System/Library/Frameworks/CoreData.framework; sourceTree = SDKROOT; };
		CF7EC88A1DBE83BE005C8D06 /* CoreLocation.framework */ = {isa = PBXFileReference; lastKnownFileType = wrapper.framework; name = CoreLocation.framework; path = System/Library/Frameworks/CoreLocation.framework; sourceTree = SDKROOT; };
		CF7EC88C1DBE83C5005C8D06 /* CoreText.framework */ = {isa = PBXFileReference; lastKnownFileType = wrapper.framework; name = CoreText.framework; path = System/Library/Frameworks/CoreText.framework; sourceTree = SDKROOT; };
		CF7EC88E1DBE83D7005C8D06 /* GLKit.framework */ = {isa = PBXFileReference; lastKnownFileType = wrapper.framework; name = GLKit.framework; path = System/Library/Frameworks/GLKit.framework; sourceTree = SDKROOT; };
		CF7EC8901DBE83EA005C8D06 /* ImageIO.framework */ = {isa = PBXFileReference; lastKnownFileType = wrapper.framework; name = ImageIO.framework; path = System/Library/Frameworks/ImageIO.framework; sourceTree = SDKROOT; };
		CF7EC8921DBE8430005C8D06 /* libc++.tbd */ = {isa = PBXFileReference; lastKnownFileType = "sourcecode.text-based-dylib-definition"; name = "libc++.tbd"; path = "usr/lib/libc++.tbd"; sourceTree = SDKROOT; };
		CF7EC8941DBE8459005C8D06 /* libicucore.tbd */ = {isa = PBXFileReference; lastKnownFileType = "sourcecode.text-based-dylib-definition"; name = libicucore.tbd; path = usr/lib/libicucore.tbd; sourceTree = SDKROOT; };
		CF7EC8961DBE8470005C8D06 /* libz.tbd */ = {isa = PBXFileReference; lastKnownFileType = "sourcecode.text-based-dylib-definition"; name = libz.tbd; path = usr/lib/libz.tbd; sourceTree = SDKROOT; };
		CF7EC8981DBE847C005C8D06 /* OpenGLES.framework */ = {isa = PBXFileReference; lastKnownFileType = wrapper.framework; name = OpenGLES.framework; path = System/Library/Frameworks/OpenGLES.framework; sourceTree = SDKROOT; };
		CF7EC89A1DBE8487005C8D06 /* QuartzCore.framework */ = {isa = PBXFileReference; lastKnownFileType = wrapper.framework; name = QuartzCore.framework; path = System/Library/Frameworks/QuartzCore.framework; sourceTree = SDKROOT; };
		CF7EC89C1DBE848F005C8D06 /* SystemConfiguration.framework */ = {isa = PBXFileReference; lastKnownFileType = wrapper.framework; name = SystemConfiguration.framework; path = System/Library/Frameworks/SystemConfiguration.framework; sourceTree = SDKROOT; };
		CF7EC89E1DBE9FC4005C8D06 /* libz.1.dylib */ = {isa = PBXFileReference; lastKnownFileType = "compiled.mach-o.dylib"; name = libz.1.dylib; path = ../../../../usr/lib/libz.1.dylib; sourceTree = "<group>"; };
		CF7EC8A01DBE9FE7005C8D06 /* libicucore.A.dylib */ = {isa = PBXFileReference; lastKnownFileType = "compiled.mach-o.dylib"; name = libicucore.A.dylib; path = ../../../../usr/lib/libicucore.A.dylib; sourceTree = "<group>"; };
		CF7EC8A21DBEA008005C8D06 /* libSystem.B.dylib */ = {isa = PBXFileReference; lastKnownFileType = "compiled.mach-o.dylib"; name = libSystem.B.dylib; path = ../../../../usr/lib/libSystem.B.dylib; sourceTree = "<group>"; };
		CF7EC8A41DBEA056005C8D06 /* libc++.1.dylib */ = {isa = PBXFileReference; lastKnownFileType = "compiled.mach-o.dylib"; name = "libc++.1.dylib"; path = "../../../../usr/lib/libc++.1.dylib"; sourceTree = "<group>"; };
		CF7EC8AC1DBEA1E1005C8D06 /* GoogleMaps.framework */ = {isa = PBXFileReference; lastKnownFileType = wrapper.framework; path = GoogleMaps.framework; sourceTree = "<group>"; };
		CF7EC8AE1DBEA1FE005C8D06 /* GoogleMapsCore.framework */ = {isa = PBXFileReference; lastKnownFileType = wrapper.framework; path = GoogleMapsCore.framework; sourceTree = "<group>"; };
		CF7EC8B01DBEA21B005C8D06 /* GoogleMapsBase.framework */ = {isa = PBXFileReference; lastKnownFileType = wrapper.framework; path = GoogleMapsBase.framework; sourceTree = "<group>"; };
		CF91F9CD1DF1CFCE001EE137 /* SearchResultsController.swift */ = {isa = PBXFileReference; fileEncoding = 4; lastKnownFileType = sourcecode.swift; name = SearchResultsController.swift; path = ../SearchResultsController.swift; sourceTree = "<group>"; };
		CF91F9D21DFDDC20001EE137 /* RatingControl.swift */ = {isa = PBXFileReference; fileEncoding = 4; lastKnownFileType = sourcecode.swift; path = RatingControl.swift; sourceTree = "<group>"; };
		CFB2FE2B1EB615430060FDB9 /* ConnectMapViewViewController.swift */ = {isa = PBXFileReference; fileEncoding = 4; lastKnownFileType = sourcecode.swift; path = ConnectMapViewViewController.swift; sourceTree = "<group>"; };
		CFB5B1941DC24BEF00CF071E /* GooglePlaces.framework */ = {isa = PBXFileReference; lastKnownFileType = wrapper.framework; path = GooglePlaces.framework; sourceTree = "<group>"; };
		CFB5B1961DC24C0F00CF071E /* GooglePlacePicker.framework */ = {isa = PBXFileReference; lastKnownFileType = wrapper.framework; path = GooglePlacePicker.framework; sourceTree = "<group>"; };
		CFB5B1981DC24C2F00CF071E /* GooglePlaces.bundle */ = {isa = PBXFileReference; lastKnownFileType = "wrapper.plug-in"; path = GooglePlaces.bundle; sourceTree = "<group>"; };
		CFB5B19A1DC24C6000CF071E /* GooglePlacePicker.bundle */ = {isa = PBXFileReference; lastKnownFileType = "wrapper.plug-in"; path = GooglePlacePicker.bundle; sourceTree = "<group>"; };
		CFBBE1471DBEA6EC00635E2C /* Accelerate.framework */ = {isa = PBXFileReference; lastKnownFileType = wrapper.framework; name = Accelerate.framework; path = System/Library/Frameworks/Accelerate.framework; sourceTree = SDKROOT; };
		CFBBE1491DBEA6F800635E2C /* CoreBluetooth.framework */ = {isa = PBXFileReference; lastKnownFileType = wrapper.framework; name = CoreBluetooth.framework; path = System/Library/Frameworks/CoreBluetooth.framework; sourceTree = SDKROOT; };
		CFBBE14B1DBEA70300635E2C /* CoreGraphics.framework */ = {isa = PBXFileReference; lastKnownFileType = wrapper.framework; name = CoreGraphics.framework; path = System/Library/Frameworks/CoreGraphics.framework; sourceTree = SDKROOT; };
		CFBBE14D1DBEA75200635E2C /* Security.framework */ = {isa = PBXFileReference; lastKnownFileType = wrapper.framework; name = Security.framework; path = System/Library/Frameworks/Security.framework; sourceTree = SDKROOT; };
		CFBFD51F1DBEC20C008EB6E6 /* Pensive-Bridging-Header.h */ = {isa = PBXFileReference; lastKnownFileType = sourcecode.c.h; path = "Pensive-Bridging-Header.h"; sourceTree = "<group>"; };
		CFBFD5201DBEC20D008EB6E6 /* bridging-header.m */ = {isa = PBXFileReference; fileEncoding = 4; lastKnownFileType = sourcecode.c.objc; name = "bridging-header.m"; path = "../bridging-header.m"; sourceTree = "<group>"; };
		CFBFD58F1DBF786E008EB6E6 /* ThirdViewController.swift */ = {isa = PBXFileReference; fileEncoding = 4; lastKnownFileType = sourcecode.swift; path = ThirdViewController.swift; sourceTree = "<group>"; };
		CFCBA3A21DE5B56900E7CD7B /* Pensive.entitlements */ = {isa = PBXFileReference; lastKnownFileType = text.plist.entitlements; path = Pensive.entitlements; sourceTree = "<group>"; };
		CFD1D05A1DDF6B4B00012115 /* InsideFoldersTableViewController.swift */ = {isa = PBXFileReference; fileEncoding = 4; lastKnownFileType = sourcecode.swift; path = InsideFoldersTableViewController.swift; sourceTree = "<group>"; };
		CFD8EA011E648D5300611294 /* FoldersTableViewController.swift */ = {isa = PBXFileReference; fileEncoding = 4; lastKnownFileType = sourcecode.swift; path = FoldersTableViewController.swift; sourceTree = "<group>"; };
		CFD8EA051E65D70500611294 /* ProfilePageViewController.swift */ = {isa = PBXFileReference; fileEncoding = 4; lastKnownFileType = sourcecode.swift; path = ProfilePageViewController.swift; sourceTree = "<group>"; };
		D2D5432937B31CD5607F9103 /* Pods-Pensive.release.xcconfig */ = {isa = PBXFileReference; includeInIndex = 1; lastKnownFileType = text.xcconfig; name = "Pods-Pensive.release.xcconfig"; path = "Pensive.xcodeproj/Pods/Target Support Files/Pods-Pensive/Pods-Pensive.release.xcconfig"; sourceTree = "<group>"; };
		D39947249997693F44925AD2 /* Pods-Pensive.debug.xcconfig */ = {isa = PBXFileReference; includeInIndex = 1; lastKnownFileType = text.xcconfig; name = "Pods-Pensive.debug.xcconfig"; path = "Pensive.xcodeproj/Pods/Target Support Files/Pods-Pensive/Pods-Pensive.debug.xcconfig"; sourceTree = "<group>"; };
		F1BCBE87591EE6D1AC25ABB8 /* Pods_PensiveTests.framework */ = {isa = PBXFileReference; explicitFileType = wrapper.framework; includeInIndex = 0; path = Pods_PensiveTests.framework; sourceTree = BUILT_PRODUCTS_DIR; };
/* End PBXFileReference section */

/* Begin PBXFrameworksBuildPhase section */
		CF7EC84B1DBE68A0005C8D06 /* Frameworks */ = {
			isa = PBXFrameworksBuildPhase;
			buildActionMask = 2147483647;
			files = (
				CF122FAA1DFF2F720011725E /* PhotosUI.framework in Frameworks */,
				CF122FA81DFF2F6B0011725E /* Photos.framework in Frameworks */,
				CF7EC89D1DBE848F005C8D06 /* SystemConfiguration.framework in Frameworks */,
				CFBBE14E1DBEA75200635E2C /* Security.framework in Frameworks */,
				CF7EC8991DBE847C005C8D06 /* OpenGLES.framework in Frameworks */,
				CF7EC8911DBE83EA005C8D06 /* ImageIO.framework in Frameworks */,
				CF7EC88F1DBE83D7005C8D06 /* GLKit.framework in Frameworks */,
				CF7EC88B1DBE83BE005C8D06 /* CoreLocation.framework in Frameworks */,
				CFBBE14C1DBEA70300635E2C /* CoreGraphics.framework in Frameworks */,
				CFB5B1951DC24BEF00CF071E /* GooglePlaces.framework in Frameworks */,
				CFBBE14A1DBEA6F800635E2C /* CoreBluetooth.framework in Frameworks */,
				CF0F89C51DE2BD8500BC7462 /* GoogleToolboxForMac.framework in Frameworks */,
				CFBBE1481DBEA6EC00635E2C /* Accelerate.framework in Frameworks */,
				CFB5B1971DC24C0F00CF071E /* GooglePlacePicker.framework in Frameworks */,
				CF7EC8B31DBEA2D1005C8D06 /* libc++.tbd in Frameworks */,
				CF7EC8A51DBEA056005C8D06 /* libc++.1.dylib in Frameworks */,
				CF0F89BF1DE2BD6400BC7462 /* FirebaseInstanceID.framework in Frameworks */,
				CF7EC8A31DBEA008005C8D06 /* libSystem.B.dylib in Frameworks */,
				CF0F89BD1DE2BD3B00BC7462 /* FirebaseCore.framework in Frameworks */,
				CF7EC8A11DBE9FE7005C8D06 /* libicucore.A.dylib in Frameworks */,
				CF0F89CD1DE2C6A900BC7462 /* MapKit.framework in Frameworks */,
				CF7EC8AD1DBEA1E1005C8D06 /* GoogleMaps.framework in Frameworks */,
				CF0F89C71DE2BDBF00BC7462 /* FirebaseDatabase.framework in Frameworks */,
				CF7EC89F1DBE9FC4005C8D06 /* libz.1.dylib in Frameworks */,
				CF7EC89B1DBE8487005C8D06 /* QuartzCore.framework in Frameworks */,
				CF7EC8AF1DBEA1FE005C8D06 /* GoogleMapsCore.framework in Frameworks */,
				CF0F89C31DE2BD7C00BC7462 /* GoogleSymbolUtilities.framework in Frameworks */,
				CF0F89C11DE2BD7100BC7462 /* GoogleInterchangeUtilities.framework in Frameworks */,
				CF0F89BB1DE2BD2D00BC7462 /* FirebaseAnalytics.framework in Frameworks */,
				CF7EC88D1DBE83C5005C8D06 /* CoreText.framework in Frameworks */,
				CF7EC8B11DBEA21B005C8D06 /* GoogleMapsBase.framework in Frameworks */,
				CF7EC8891DBE83AF005C8D06 /* CoreData.framework in Frameworks */,
				CF7EC8871DBE83A2005C8D06 /* AVFoundation.framework in Frameworks */,
				4D256E6FA00DCAD0F132037E /* Pods_Pensive.framework in Frameworks */,
			);
			runOnlyForDeploymentPostprocessing = 0;
		};
		CF7EC8611DBE68A1005C8D06 /* Frameworks */ = {
			isa = PBXFrameworksBuildPhase;
			buildActionMask = 2147483647;
			files = (
			);
			runOnlyForDeploymentPostprocessing = 0;
		};
/* End PBXFrameworksBuildPhase section */

/* Begin PBXGroup section */
		BA580BC07A557F209E8C50BB /* Pods */ = {
			isa = PBXGroup;
			children = (
				D39947249997693F44925AD2 /* Pods-Pensive.debug.xcconfig */,
				D2D5432937B31CD5607F9103 /* Pods-Pensive.release.xcconfig */,
				573ABB0618A4EBAEBD9B9EF3 /* Pods-Pensive.debug.xcconfig */,
				C7E4EC88EF3A916E990559BE /* Pods-Pensive.release.xcconfig */,
			);
			name = Pods;
			sourceTree = "<group>";
		};
		CF7EC8451DBE68A0005C8D06 = {
			isa = PBXGroup;
			children = (
				CF7EC8501DBE68A1005C8D06 /* Pensive */,
				CF7EC8671DBE68A1005C8D06 /* PensiveTests */,
				CF7EC84F1DBE68A1005C8D06 /* Products */,
				CF7EC8851DBE83A1005C8D06 /* Frameworks */,
				CFBFD51F1DBEC20C008EB6E6 /* Pensive-Bridging-Header.h */,
				BA580BC07A557F209E8C50BB /* Pods */,
			);
			sourceTree = "<group>";
		};
		CF7EC84F1DBE68A1005C8D06 /* Products */ = {
			isa = PBXGroup;
			children = (
				CF7EC84E1DBE68A1005C8D06 /* Pensive.app */,
				CF7EC8641DBE68A1005C8D06 /* PensiveTests.xctest */,
			);
			name = Products;
			sourceTree = "<group>";
		};
		CF7EC8501DBE68A1005C8D06 /* Pensive */ = {
			isa = PBXGroup;
			children = (
				CFCBA3A21DE5B56900E7CD7B /* Pensive.entitlements */,
				CF7EC8B21DBEA242005C8D06 /* Frameworks */,
				CFDE42C31DCFDCFF00F0C111 /* GoogleMaps */,
				CF7EC8511DBE68A1005C8D06 /* AppDelegate.swift */,
				CF5F24D21DE5FFC90020ABAA /* Main.storyboard */,
				CF7DB1AA1F45B22B0015492E /* RecommendationsViewController.swift */,
				CF7DB1A81F40E2460015492E /* AddFriendsTableViewCell.swift */,
				CF7DB1A61F4061430015492E /* AddFriendsViewController.swift */,
				CF7DB19E1F3F6A530015492E /* UserFeedViewController.swift */,
				CF6BFC191F0D6373005F8893 /* TableMapViewController.swift */,
				CFB2FE2B1EB615430060FDB9 /* ConnectMapViewViewController.swift */,
				CF17D7161E808783006E493D /* ConnectTableViewController.swift */,
				CFD8EA051E65D70500611294 /* ProfilePageViewController.swift */,
				CFD8EA011E648D5300611294 /* FoldersTableViewController.swift */,
				CF4CAFB61E826F0E000872E2 /* USER.swift */,
				CF91F9D21DFDDC20001EE137 /* RatingControl.swift */,
				CF122FA51DFF0DA00011725E /* DetailViewController.swift */,
				CF4BED141DE35F490087EFC3 /* LoginViewController.swift */,
				CF5F24D41DE60B780020ABAA /* ForgottenPasswordViewController.swift */,
				CFD1D05A1DDF6B4B00012115 /* InsideFoldersTableViewController.swift */,
				CFBFD58F1DBF786E008EB6E6 /* ThirdViewController.swift */,
				CF0F89C91DE2BE5300BC7462 /* module.modulemap */,
				CF0F89C81DE2BE2400BC7462 /* Firebase.h */,
				CF4C00BB1E638B73001B8D26 /* Googleplacepickerheader.h */,
				CF7EC85A1DBE68A1005C8D06 /* Assets.xcassets */,
				CF7EC85C1DBE68A1005C8D06 /* LaunchScreen.storyboard */,
				CF17DA491F24C4C500E664FB /* GoogleService-Info.plist */,
				CF7EC85F1DBE68A1005C8D06 /* Info.plist */,
				CFDE42CC1DCFE27F00F0C111 /* Resources */,
			);
			path = Pensive;
			sourceTree = "<group>";
		};
		CF7EC8671DBE68A1005C8D06 /* PensiveTests */ = {
			isa = PBXGroup;
			children = (
				CF7EC8681DBE68A1005C8D06 /* PensiveTests.swift */,
				CF7EC86A1DBE68A1005C8D06 /* Info.plist */,
			);
			path = PensiveTests;
			sourceTree = "<group>";
		};
		CF7EC8851DBE83A1005C8D06 /* Frameworks */ = {
			isa = PBXGroup;
			children = (
				CF122FA91DFF2F720011725E /* PhotosUI.framework */,
				CF122FA71DFF2F6B0011725E /* Photos.framework */,
				CF0F89CC1DE2C6A900BC7462 /* MapKit.framework */,
				CFBBE14D1DBEA75200635E2C /* Security.framework */,
				CFBBE14B1DBEA70300635E2C /* CoreGraphics.framework */,
				CFBBE1491DBEA6F800635E2C /* CoreBluetooth.framework */,
				CFBBE1471DBEA6EC00635E2C /* Accelerate.framework */,
				CF7EC8A41DBEA056005C8D06 /* libc++.1.dylib */,
				CF7EC8A21DBEA008005C8D06 /* libSystem.B.dylib */,
				CF7EC8A01DBE9FE7005C8D06 /* libicucore.A.dylib */,
				CF7EC89E1DBE9FC4005C8D06 /* libz.1.dylib */,
				CF7EC89C1DBE848F005C8D06 /* SystemConfiguration.framework */,
				CF7EC89A1DBE8487005C8D06 /* QuartzCore.framework */,
				CF7EC8981DBE847C005C8D06 /* OpenGLES.framework */,
				CF7EC8961DBE8470005C8D06 /* libz.tbd */,
				CF7EC8941DBE8459005C8D06 /* libicucore.tbd */,
				CF7EC8921DBE8430005C8D06 /* libc++.tbd */,
				CF7EC8901DBE83EA005C8D06 /* ImageIO.framework */,
				CF7EC88E1DBE83D7005C8D06 /* GLKit.framework */,
				CF7EC88C1DBE83C5005C8D06 /* CoreText.framework */,
				CF7EC88A1DBE83BE005C8D06 /* CoreLocation.framework */,
				CF7EC8881DBE83AF005C8D06 /* CoreData.framework */,
				CF7EC8861DBE83A2005C8D06 /* AVFoundation.framework */,
				70E659EA77274B2996401E5B /* Pods_Pensive.framework */,
				F1BCBE87591EE6D1AC25ABB8 /* Pods_PensiveTests.framework */,
			);
			name = Frameworks;
			sourceTree = "<group>";
		};
		CF7EC8B21DBEA242005C8D06 /* Frameworks */ = {
			isa = PBXGroup;
			children = (
				CF0F89C61DE2BDBF00BC7462 /* FirebaseDatabase.framework */,
				CF0F89C41DE2BD8500BC7462 /* GoogleToolboxForMac.framework */,
				CF0F89C21DE2BD7C00BC7462 /* GoogleSymbolUtilities.framework */,
				CF0F89C01DE2BD7100BC7462 /* GoogleInterchangeUtilities.framework */,
				CF0F89BE1DE2BD6400BC7462 /* FirebaseInstanceID.framework */,
				CF0F89BC1DE2BD3B00BC7462 /* FirebaseCore.framework */,
				CF0F89BA1DE2BD2D00BC7462 /* FirebaseAnalytics.framework */,
				CF7EC8831DBE81C0005C8D06 /* GoogleMaps.bundle */,
				CFB5B19A1DC24C6000CF071E /* GooglePlacePicker.bundle */,
				CFB5B1981DC24C2F00CF071E /* GooglePlaces.bundle */,
				CFB5B1961DC24C0F00CF071E /* GooglePlacePicker.framework */,
				CFB5B1941DC24BEF00CF071E /* GooglePlaces.framework */,
				CF7EC8AC1DBEA1E1005C8D06 /* GoogleMaps.framework */,
				CF7EC8AE1DBEA1FE005C8D06 /* GoogleMapsCore.framework */,
				CF7EC8B01DBEA21B005C8D06 /* GoogleMapsBase.framework */,
			);
			name = Frameworks;
			path = /Users/asselkashkenbayeva/Desktop/Pensive/Pensive;
			sourceTree = "<absolute>";
		};
		CFDE42C31DCFDCFF00F0C111 /* GoogleMaps */ = {
			isa = PBXGroup;
			children = (
				CFBFD5201DBEC20D008EB6E6 /* bridging-header.m */,
				CF91F9CD1DF1CFCE001EE137 /* SearchResultsController.swift */,
				CF7EC8531DBE68A1005C8D06 /* FirstViewController.swift */,
			);
			name = GoogleMaps;
			sourceTree = "<group>";
		};
		CFDE42CC1DCFE27F00F0C111 /* Resources */ = {
			isa = PBXGroup;
			children = (
			);
			name = Resources;
			sourceTree = "<group>";
		};
/* End PBXGroup section */

/* Begin PBXNativeTarget section */
		CF7EC84D1DBE68A0005C8D06 /* Pensive */ = {
			isa = PBXNativeTarget;
			buildConfigurationList = CF7EC86D1DBE68A1005C8D06 /* Build configuration list for PBXNativeTarget "Pensive" */;
			buildPhases = (
				628BD1D6D0598B32ED178A83 /* [CP] Check Pods Manifest.lock */,
				CF7EC84A1DBE68A0005C8D06 /* Sources */,
				CF7EC84B1DBE68A0005C8D06 /* Frameworks */,
				CF7EC84C1DBE68A0005C8D06 /* Resources */,
				F445BD4059544F25EA46D9DF /* [CP] Embed Pods Frameworks */,
				03120D8A0A06BB4B4A666AA7 /* [CP] Copy Pods Resources */,
				CF245D491F27522A0009417B /* ShellScript */,
			);
			buildRules = (
			);
			dependencies = (
			);
			name = Pensive;
			productName = Pensive;
			productReference = CF7EC84E1DBE68A1005C8D06 /* Pensive.app */;
			productType = "com.apple.product-type.application";
		};
		CF7EC8631DBE68A1005C8D06 /* PensiveTests */ = {
			isa = PBXNativeTarget;
			buildConfigurationList = CF7EC8701DBE68A1005C8D06 /* Build configuration list for PBXNativeTarget "PensiveTests" */;
			buildPhases = (
				CF7EC8601DBE68A1005C8D06 /* Sources */,
				CF7EC8611DBE68A1005C8D06 /* Frameworks */,
				CF7EC8621DBE68A1005C8D06 /* Resources */,
			);
			buildRules = (
			);
			dependencies = (
				CF7EC8661DBE68A1005C8D06 /* PBXTargetDependency */,
			);
			name = PensiveTests;
			productName = PensiveTests;
			productReference = CF7EC8641DBE68A1005C8D06 /* PensiveTests.xctest */;
			productType = "com.apple.product-type.bundle.unit-test";
		};
/* End PBXNativeTarget section */

/* Begin PBXProject section */
		CF7EC8461DBE68A0005C8D06 /* Project object */ = {
			isa = PBXProject;
			attributes = {
				LastSwiftUpdateCheck = 0800;
				LastUpgradeCheck = 0800;
				ORGANIZATIONNAME = "Assel Kashkenbayeva";
				TargetAttributes = {
					CF7EC84D1DBE68A0005C8D06 = {
						CreatedOnToolsVersion = 8.0;
						DevelopmentTeam = 46Z532PWY8;
						LastSwiftMigration = 0800;
						ProvisioningStyle = Manual;
						SystemCapabilities = {
							com.apple.Keychain = {
								enabled = 1;
							};
							com.apple.Maps.iOS = {
								enabled = 1;
							};
						};
					};
					CF7EC8631DBE68A1005C8D06 = {
						CreatedOnToolsVersion = 8.0;
						ProvisioningStyle = Automatic;
						TestTargetID = CF7EC84D1DBE68A0005C8D06;
					};
				};
			};
			buildConfigurationList = CF7EC8491DBE68A0005C8D06 /* Build configuration list for PBXProject "Pensive" */;
			compatibilityVersion = "Xcode 3.2";
			developmentRegion = English;
			hasScannedForEncodings = 0;
			knownRegions = (
				en,
				Base,
			);
			mainGroup = CF7EC8451DBE68A0005C8D06;
			productRefGroup = CF7EC84F1DBE68A1005C8D06 /* Products */;
			projectDirPath = "";
			projectRoot = "";
			targets = (
				CF7EC84D1DBE68A0005C8D06 /* Pensive */,
				CF7EC8631DBE68A1005C8D06 /* PensiveTests */,
			);
		};
/* End PBXProject section */

/* Begin PBXResourcesBuildPhase section */
		CF7EC84C1DBE68A0005C8D06 /* Resources */ = {
			isa = PBXResourcesBuildPhase;
			buildActionMask = 2147483647;
			files = (
				CF7EC85E1DBE68A1005C8D06 /* LaunchScreen.storyboard in Resources */,
				CF7EC85B1DBE68A1005C8D06 /* Assets.xcassets in Resources */,
				CF5F24D31DE5FFC90020ABAA /* Main.storyboard in Resources */,
				CF17DA4A1F24C4C500E664FB /* GoogleService-Info.plist in Resources */,
			);
			runOnlyForDeploymentPostprocessing = 0;
		};
		CF7EC8621DBE68A1005C8D06 /* Resources */ = {
			isa = PBXResourcesBuildPhase;
			buildActionMask = 2147483647;
			files = (
			);
			runOnlyForDeploymentPostprocessing = 0;
		};
/* End PBXResourcesBuildPhase section */

/* Begin PBXShellScriptBuildPhase section */
		03120D8A0A06BB4B4A666AA7 /* [CP] Copy Pods Resources */ = {
			isa = PBXShellScriptBuildPhase;
			buildActionMask = 2147483647;
			files = (
			);
			inputPaths = (
			);
			name = "[CP] Copy Pods Resources";
			outputPaths = (
			);
			runOnlyForDeploymentPostprocessing = 0;
			shellPath = /bin/sh;
			shellScript = "\"${SRCROOT}/Pods/Target Support Files/Pods-Pensive/Pods-Pensive-resources.sh\"\n";
			showEnvVarsInLog = 0;
		};
		628BD1D6D0598B32ED178A83 /* [CP] Check Pods Manifest.lock */ = {
			isa = PBXShellScriptBuildPhase;
			buildActionMask = 2147483647;
			files = (
			);
			inputPaths = (
			);
			name = "[CP] Check Pods Manifest.lock";
			outputPaths = (
			);
			runOnlyForDeploymentPostprocessing = 0;
			shellPath = /bin/sh;
			shellScript = "diff \"${PODS_ROOT}/../Podfile.lock\" \"${PODS_ROOT}/Manifest.lock\" > /dev/null\nif [ $? != 0 ] ; then\n    # print error to STDERR\n    echo \"error: The sandbox is not in sync with the Podfile.lock. Run 'pod install' or update your CocoaPods installation.\" >&2\n    exit 1\nfi\n";
			showEnvVarsInLog = 0;
		};
		CF245D491F27522A0009417B /* ShellScript */ = {
			isa = PBXShellScriptBuildPhase;
			buildActionMask = 2147483647;
			files = (
			);
			inputPaths = (
			);
			outputPaths = (
			);
			runOnlyForDeploymentPostprocessing = 0;
			shellPath = /bin/sh;
			shellScript = "FILE=\"${SRCROOT}/HockeySDK-iOS/BuildAgent\"\nif [ -f \"$FILE\" ]; then\n\"$FILE\"\nfi";
		};
		F445BD4059544F25EA46D9DF /* [CP] Embed Pods Frameworks */ = {
			isa = PBXShellScriptBuildPhase;
			buildActionMask = 2147483647;
			files = (
			);
			inputPaths = (
			);
			name = "[CP] Embed Pods Frameworks";
			outputPaths = (
			);
			runOnlyForDeploymentPostprocessing = 0;
			shellPath = /bin/sh;
			shellScript = "\"${SRCROOT}/Pods/Target Support Files/Pods-Pensive/Pods-Pensive-frameworks.sh\"\n";
			showEnvVarsInLog = 0;
		};
/* End PBXShellScriptBuildPhase section */

/* Begin PBXSourcesBuildPhase section */
		CF7EC84A1DBE68A0005C8D06 /* Sources */ = {
			isa = PBXSourcesBuildPhase;
			buildActionMask = 2147483647;
			files = (
				CF122FA61DFF0DA00011725E /* DetailViewController.swift in Sources */,
				CF7DB1AB1F45B22B0015492E /* RecommendationsViewController.swift in Sources */,
				CF4BED151DE35F490087EFC3 /* LoginViewController.swift in Sources */,
				CF7DB1A91F40E2460015492E /* AddFriendsTableViewCell.swift in Sources */,
				CF4CAFB71E826F0E000872E2 /* USER.swift in Sources */,
				CFB2FE2C1EB615430060FDB9 /* ConnectMapViewViewController.swift in Sources */,
				CFD8EA061E65D70500611294 /* ProfilePageViewController.swift in Sources */,
				CFD8EA021E648D5300611294 /* FoldersTableViewController.swift in Sources */,
				CF7DB1A71F4061430015492E /* AddFriendsViewController.swift in Sources */,
				CFBFD5211DBEC20D008EB6E6 /* bridging-header.m in Sources */,
				CFD1D05B1DDF6B4B00012115 /* InsideFoldersTableViewController.swift in Sources */,
				CFBFD5901DBF786E008EB6E6 /* ThirdViewController.swift in Sources */,
				CF7DB19F1F3F6A530015492E /* UserFeedViewController.swift in Sources */,
				CF17D7171E808783006E493D /* ConnectTableViewController.swift in Sources */,
				CF7EC8521DBE68A1005C8D06 /* AppDelegate.swift in Sources */,
				CF5F24D51DE60B780020ABAA /* ForgottenPasswordViewController.swift in Sources */,
				CF6BFC1A1F0D6373005F8893 /* TableMapViewController.swift in Sources */,
				CF91F9D31DFDDC20001EE137 /* RatingControl.swift in Sources */,
				CF91F9CE1DF1CFCE001EE137 /* SearchResultsController.swift in Sources */,
				CF91F9CF1DF55D63001EE137 /* FirstViewController.swift in Sources */,
			);
			runOnlyForDeploymentPostprocessing = 0;
		};
		CF7EC8601DBE68A1005C8D06 /* Sources */ = {
			isa = PBXSourcesBuildPhase;
			buildActionMask = 2147483647;
			files = (
				CF7EC8691DBE68A1005C8D06 /* PensiveTests.swift in Sources */,
			);
			runOnlyForDeploymentPostprocessing = 0;
		};
/* End PBXSourcesBuildPhase section */

/* Begin PBXTargetDependency section */
		CF7EC8661DBE68A1005C8D06 /* PBXTargetDependency */ = {
			isa = PBXTargetDependency;
			target = CF7EC84D1DBE68A0005C8D06 /* Pensive */;
			targetProxy = CF7EC8651DBE68A1005C8D06 /* PBXContainerItemProxy */;
		};
/* End PBXTargetDependency section */

/* Begin PBXVariantGroup section */
		CF7EC85C1DBE68A1005C8D06 /* LaunchScreen.storyboard */ = {
			isa = PBXVariantGroup;
			children = (
				CF7EC85D1DBE68A1005C8D06 /* Base */,
			);
			name = LaunchScreen.storyboard;
			sourceTree = "<group>";
		};
/* End PBXVariantGroup section */

/* Begin XCBuildConfiguration section */
		CF7EC86B1DBE68A1005C8D06 /* Debug */ = {
			isa = XCBuildConfiguration;
			buildSettings = {
				ALWAYS_SEARCH_USER_PATHS = NO;
				CLANG_ANALYZER_NONNULL = YES;
				CLANG_CXX_LANGUAGE_STANDARD = "gnu++0x";
				CLANG_CXX_LIBRARY = "libc++";
				CLANG_ENABLE_MODULES = YES;
				CLANG_ENABLE_OBJC_ARC = YES;
				CLANG_WARN_BOOL_CONVERSION = YES;
				CLANG_WARN_CONSTANT_CONVERSION = YES;
				CLANG_WARN_DIRECT_OBJC_ISA_USAGE = YES_ERROR;
				CLANG_WARN_DOCUMENTATION_COMMENTS = YES;
				CLANG_WARN_EMPTY_BODY = YES;
				CLANG_WARN_ENUM_CONVERSION = YES;
				CLANG_WARN_INFINITE_RECURSION = YES;
				CLANG_WARN_INT_CONVERSION = YES;
				CLANG_WARN_OBJC_ROOT_CLASS = YES_ERROR;
				CLANG_WARN_SUSPICIOUS_MOVES = YES;
				CLANG_WARN_UNREACHABLE_CODE = YES;
				CLANG_WARN__DUPLICATE_METHOD_MATCH = YES;
				"CODE_SIGN_IDENTITY[sdk=iphoneos*]" = "iPhone Developer";
				COPY_PHASE_STRIP = NO;
				DEBUG_INFORMATION_FORMAT = dwarf;
				ENABLE_STRICT_OBJC_MSGSEND = YES;
				ENABLE_TESTABILITY = YES;
				GCC_C_LANGUAGE_STANDARD = gnu99;
				GCC_DYNAMIC_NO_PIC = NO;
				GCC_NO_COMMON_BLOCKS = YES;
				GCC_OPTIMIZATION_LEVEL = 0;
				GCC_PREPROCESSOR_DEFINITIONS = (
					"DEBUG=1",
					"$(inherited)",
				);
				GCC_WARN_64_TO_32_BIT_CONVERSION = YES;
				GCC_WARN_ABOUT_RETURN_TYPE = YES_ERROR;
				GCC_WARN_UNDECLARED_SELECTOR = YES;
				GCC_WARN_UNINITIALIZED_AUTOS = YES_AGGRESSIVE;
				GCC_WARN_UNUSED_FUNCTION = YES;
				GCC_WARN_UNUSED_VARIABLE = YES;
				IPHONEOS_DEPLOYMENT_TARGET = 10.1;
				MTL_ENABLE_DEBUG_INFO = YES;
				ONLY_ACTIVE_ARCH = YES;
				PROVISIONING_PROFILE = "da335adb-8427-438b-8c0b-a906e611c6d8";
				SDKROOT = iphoneos;
				SWIFT_ACTIVE_COMPILATION_CONDITIONS = DEBUG;
				SWIFT_OPTIMIZATION_LEVEL = "-Onone";
				TARGETED_DEVICE_FAMILY = "1,2";
			};
			name = Debug;
		};
		CF7EC86C1DBE68A1005C8D06 /* Release */ = {
			isa = XCBuildConfiguration;
			buildSettings = {
				ALWAYS_SEARCH_USER_PATHS = NO;
				CLANG_ANALYZER_NONNULL = YES;
				CLANG_CXX_LANGUAGE_STANDARD = "gnu++0x";
				CLANG_CXX_LIBRARY = "libc++";
				CLANG_ENABLE_MODULES = YES;
				CLANG_ENABLE_OBJC_ARC = YES;
				CLANG_WARN_BOOL_CONVERSION = YES;
				CLANG_WARN_CONSTANT_CONVERSION = YES;
				CLANG_WARN_DIRECT_OBJC_ISA_USAGE = YES_ERROR;
				CLANG_WARN_DOCUMENTATION_COMMENTS = YES;
				CLANG_WARN_EMPTY_BODY = YES;
				CLANG_WARN_ENUM_CONVERSION = YES;
				CLANG_WARN_INFINITE_RECURSION = YES;
				CLANG_WARN_INT_CONVERSION = YES;
				CLANG_WARN_OBJC_ROOT_CLASS = YES_ERROR;
				CLANG_WARN_SUSPICIOUS_MOVES = YES;
				CLANG_WARN_UNREACHABLE_CODE = YES;
				CLANG_WARN__DUPLICATE_METHOD_MATCH = YES;
				"CODE_SIGN_IDENTITY[sdk=iphoneos*]" = "iPhone Developer";
				COPY_PHASE_STRIP = NO;
				DEBUG_INFORMATION_FORMAT = "dwarf-with-dsym";
				ENABLE_NS_ASSERTIONS = NO;
				ENABLE_STRICT_OBJC_MSGSEND = YES;
				GCC_C_LANGUAGE_STANDARD = gnu99;
				GCC_NO_COMMON_BLOCKS = YES;
				GCC_WARN_64_TO_32_BIT_CONVERSION = YES;
				GCC_WARN_ABOUT_RETURN_TYPE = YES_ERROR;
				GCC_WARN_UNDECLARED_SELECTOR = YES;
				GCC_WARN_UNINITIALIZED_AUTOS = YES_AGGRESSIVE;
				GCC_WARN_UNUSED_FUNCTION = YES;
				GCC_WARN_UNUSED_VARIABLE = YES;
				IPHONEOS_DEPLOYMENT_TARGET = 10.1;
				MTL_ENABLE_DEBUG_INFO = NO;
				PROVISIONING_PROFILE = "ac3eee23-f952-4c48-b609-f66d147318aa";
				SDKROOT = iphoneos;
				SWIFT_OPTIMIZATION_LEVEL = "-Owholemodule";
				TARGETED_DEVICE_FAMILY = "1,2";
				VALIDATE_PRODUCT = YES;
			};
			name = Release;
		};
		CF7EC86E1DBE68A1005C8D06 /* Debug */ = {
			isa = XCBuildConfiguration;
			baseConfigurationReference = 573ABB0618A4EBAEBD9B9EF3 /* Pods-Pensive.debug.xcconfig */;
			buildSettings = {
				ASSETCATALOG_COMPILER_APPICON_NAME = AppIcon;
				CLANG_ENABLE_MODULES = YES;
				CODE_SIGN_ENTITLEMENTS = Pensive/Pensive.entitlements;
				"CODE_SIGN_IDENTITY[sdk=iphoneos*]" = "iPhone Developer";
				DEVELOPMENT_TEAM = 46Z532PWY8;
				ENABLE_BITCODE = NO;
				GCC_PREPROCESSOR_DEFINITIONS = (
					"$(inherited)",
					"COCOAPODS=1",
					"$(inherited)",
				);
				HEADER_SEARCH_PATHS = (
					"$(inherited)",
					"${PODS_ROOT}/Firebase/Core/Sources",
					"$(inherited)",
					"\"${PODS_ROOT}/Headers/Public\"",
					"\"${PODS_ROOT}/Headers/Public/Firebase\"",
					"\"${PODS_ROOT}/Headers/Public/FirebaseAnalytics\"",
					"\"${PODS_ROOT}/Headers/Public/FirebaseCore\"",
					"\"${PODS_ROOT}/Headers/Public/FirebaseInstanceID\"",
					"\"${PODS_ROOT}/Headers/Public/GoogleInterchangeUtilities\"",
					"\"${PODS_ROOT}/Headers/Public/GoogleSymbolUtilities\"",
					"\"${PODS_ROOT}/Headers/Public/GoogleToolboxForMac\"",
					"$(inherited)",
				);
				INFOPLIST_FILE = Pensive/Info.plist;
				IPHONEOS_DEPLOYMENT_TARGET = 10.1;
				LD_RUNPATH_SEARCH_PATHS = "$(inherited) @executable_path/Frameworks";
				OTHER_LDFLAGS = "$(inherited)";
				"OTHER_LDFLAGS[arch=*]" = "$(inherited)";
				PRODUCT_BUNDLE_IDENTIFIER = com.cattche.July17Cattche;
				PRODUCT_NAME = "$(TARGET_NAME)";
				PROVISIONING_PROFILE = "da335adb-8427-438b-8c0b-a906e611c6d8";
				PROVISIONING_PROFILE_SPECIFIER = Cattche_provisioning_profile;
				SWIFT_OBJC_BRIDGING_HEADER = "Pensive-Bridging-Header.h";
				SWIFT_OPTIMIZATION_LEVEL = "-Onone";
				SWIFT_VERSION = 3.0;
				TARGETED_DEVICE_FAMILY = 1;
				USER_HEADER_SEARCH_PATHS = "${SRCROOT}/module.modulemap) $(inherited)";
			};
			name = Debug;
		};
		CF7EC86F1DBE68A1005C8D06 /* Release */ = {
			isa = XCBuildConfiguration;
			baseConfigurationReference = C7E4EC88EF3A916E990559BE /* Pods-Pensive.release.xcconfig */;
			buildSettings = {
				ASSETCATALOG_COMPILER_APPICON_NAME = AppIcon;
				CLANG_ENABLE_MODULES = YES;
				CODE_SIGN_ENTITLEMENTS = Pensive/Pensive.entitlements;
				"CODE_SIGN_IDENTITY[sdk=iphoneos*]" = "iPhone Distribution";
				DEVELOPMENT_TEAM = 46Z532PWY8;
				ENABLE_BITCODE = NO;
				GCC_PREPROCESSOR_DEFINITIONS = (
					"$(inherited)",
					"COCOAPODS=1",
					"$(inherited)",
				);
				HEADER_SEARCH_PATHS = (
					"$(inherited)",
					"${PODS_ROOT}/Firebase/Core/Sources",
					"$(inherited)",
					"\"${PODS_ROOT}/Headers/Public\"",
					"\"${PODS_ROOT}/Headers/Public/Firebase\"",
					"\"${PODS_ROOT}/Headers/Public/FirebaseAnalytics\"",
					"\"${PODS_ROOT}/Headers/Public/FirebaseCore\"",
					"\"${PODS_ROOT}/Headers/Public/FirebaseInstanceID\"",
					"\"${PODS_ROOT}/Headers/Public/GoogleInterchangeUtilities\"",
					"\"${PODS_ROOT}/Headers/Public/GoogleSymbolUtilities\"",
					"\"${PODS_ROOT}/Headers/Public/GoogleToolboxForMac\"",
					"$(inherited)",
				);
				INFOPLIST_FILE = Pensive/Info.plist;
				IPHONEOS_DEPLOYMENT_TARGET = 10.1;
				LD_RUNPATH_SEARCH_PATHS = "$(inherited) @executable_path/Frameworks";
				OTHER_LDFLAGS = "$(inherited)";
				"OTHER_LDFLAGS[arch=*]" = "$(inherited)";
				PRODUCT_BUNDLE_IDENTIFIER = com.cattche.July17Cattche;
				PRODUCT_NAME = "$(TARGET_NAME)";
				PROVISIONING_PROFILE = "d794dc8b-e853-4f1b-8ef8-fb453c26e5e4";
				PROVISIONING_PROFILE_SPECIFIER = "CattcheTestFlightCert-replaceforadhoc";
				SWIFT_OBJC_BRIDGING_HEADER = "Pensive-Bridging-Header.h";
				SWIFT_VERSION = 3.0;
				TARGETED_DEVICE_FAMILY = 1;
				USER_HEADER_SEARCH_PATHS = "${SRCROOT}/module.modulemap) $(inherited)";
			};
			name = Release;
		};
		CF7EC8711DBE68A1005C8D06 /* Debug */ = {
			isa = XCBuildConfiguration;
			buildSettings = {
				ALWAYS_EMBED_SWIFT_STANDARD_LIBRARIES = YES;
				BUNDLE_LOADER = "$(TEST_HOST)";
				INFOPLIST_FILE = PensiveTests/Info.plist;
				LD_RUNPATH_SEARCH_PATHS = "$(inherited) @executable_path/Frameworks @loader_path/Frameworks";
				PRODUCT_BUNDLE_IDENTIFIER = com.pensive.PensiveTests;
				PRODUCT_NAME = "$(TARGET_NAME)";
				SWIFT_VERSION = 3.0;
				TEST_HOST = "$(BUILT_PRODUCTS_DIR)/Pensive.app/Pensive";
			};
			name = Debug;
		};
		CF7EC8721DBE68A1005C8D06 /* Release */ = {
			isa = XCBuildConfiguration;
			buildSettings = {
				ALWAYS_EMBED_SWIFT_STANDARD_LIBRARIES = YES;
				BUNDLE_LOADER = "$(TEST_HOST)";
				INFOPLIST_FILE = PensiveTests/Info.plist;
				LD_RUNPATH_SEARCH_PATHS = "$(inherited) @executable_path/Frameworks @loader_path/Frameworks";
				PRODUCT_BUNDLE_IDENTIFIER = com.pensive.PensiveTests;
				PRODUCT_NAME = "$(TARGET_NAME)";
				SWIFT_VERSION = 3.0;
				TEST_HOST = "$(BUILT_PRODUCTS_DIR)/Pensive.app/Pensive";
			};
			name = Release;
		};
/* End XCBuildConfiguration section */

/* Begin XCConfigurationList section */
		CF7EC8491DBE68A0005C8D06 /* Build configuration list for PBXProject "Pensive" */ = {
			isa = XCConfigurationList;
			buildConfigurations = (
				CF7EC86B1DBE68A1005C8D06 /* Debug */,
				CF7EC86C1DBE68A1005C8D06 /* Release */,
			);
			defaultConfigurationIsVisible = 0;
			defaultConfigurationName = Release;
		};
		CF7EC86D1DBE68A1005C8D06 /* Build configuration list for PBXNativeTarget "Pensive" */ = {
			isa = XCConfigurationList;
			buildConfigurations = (
				CF7EC86E1DBE68A1005C8D06 /* Debug */,
				CF7EC86F1DBE68A1005C8D06 /* Release */,
			);
			defaultConfigurationIsVisible = 0;
			defaultConfigurationName = Release;
		};
		CF7EC8701DBE68A1005C8D06 /* Build configuration list for PBXNativeTarget "PensiveTests" */ = {
			isa = XCConfigurationList;
			buildConfigurations = (
				CF7EC8711DBE68A1005C8D06 /* Debug */,
				CF7EC8721DBE68A1005C8D06 /* Release */,
			);
			defaultConfigurationIsVisible = 0;
			defaultConfigurationName = Release;
		};
/* End XCConfigurationList section */
	};
	rootObject = CF7EC8461DBE68A0005C8D06 /* Project object */;
}
